
Microsoft Visual Studio Solution File, Format Version 12.00
# Visual Studio Version 17
VisualStudioVersion = 17.7.34024.191
MinimumVisualStudioVersion = 10.0.40219.1
Project("{FAE04EC0-301F-11D3-BF4B-00C04F79EFBC}") = "ProjMVC", "ProjMVC\ProjMVC.csproj", "{EB99D378-C625-428D-A331-F7897BCE3F86}"
EndProject
Global
	GlobalSection(SolutionConfigurationPlatforms) = preSolution
		Debug|Any CPU = Debug|Any CPU
		Release|Any CPU = Release|Any CPU
	EndGlobalSection
	GlobalSection(ProjectConfigurationPlatforms) = postSolution
		{EB99D378-C625-428D-A331-F7897BCE3F86}.Debug|Any CPU.ActiveCfg = Debug|Any CPU
		{EB99D378-C625-428D-A331-F7897BCE3F86}.Debug|Any CPU.Build.0 = Debug|Any CPU
		{EB99D378-C625-428D-A331-F7897BCE3F86}.Release|Any CPU.ActiveCfg = Release|Any CPU
		{EB99D378-C625-428D-A331-F7897BCE3F86}.Release|Any CPU.Build.0 = Release|Any CPU
	EndGlobalSection
	GlobalSection(SolutionProperties) = preSolution
		HideSolutionNode = FALSE
	EndGlobalSection
	GlobalSection(ExtensibilityGlobals) = postSolution
		SolutionGuid = {7C18E719-2EDA-460B-A0BD-D16B9F6810AA}
	EndGlobalSection
EndGlobal
